
Microsoft Visual Studio Solution File, Format Version 12.00
# Visual Studio Version 17
VisualStudioVersion = 17.0.31903.59
MinimumVisualStudioVersion = 10.0.40219.1
Project("{FAE04EC0-301F-11D3-BF4B-00C04F79EFBC}") = "TicketApp.Tests", "TicketApp.Tests\TicketApp.Tests.csproj", "{4085626E-178E-4B7D-A688-AF40EEB0A842}"
EndProject
Project("{FAE04EC0-301F-11D3-BF4B-00C04F79EFBC}") = "TicketApi", "TicketApi\TicketApi.csproj", "{BDC9D1A4-5A0C-4472-B9EF-A5910C8D44C9}"
EndProject
Global
	GlobalSection(SolutionConfigurationPlatforms) = preSolution
		Debug|Any CPU = Debug|Any CPU
		Release|Any CPU = Release|Any CPU
	EndGlobalSection
	GlobalSection(SolutionProperties) = preSolution
		HideSolutionNode = FALSE
	EndGlobalSection
	GlobalSection(ProjectConfigurationPlatforms) = postSolution
		{4085626E-178E-4B7D-A688-AF40EEB0A842}.Debug|Any CPU.ActiveCfg = Debug|Any CPU
		{4085626E-178E-4B7D-A688-AF40EEB0A842}.Debug|Any CPU.Build.0 = Debug|Any CPU
		{4085626E-178E-4B7D-A688-AF40EEB0A842}.Release|Any CPU.ActiveCfg = Release|Any CPU
		{4085626E-178E-4B7D-A688-AF40EEB0A842}.Release|Any CPU.Build.0 = Release|Any CPU
		{BDC9D1A4-5A0C-4472-B9EF-A5910C8D44C9}.Debug|Any CPU.ActiveCfg = Debug|Any CPU
		{BDC9D1A4-5A0C-4472-B9EF-A5910C8D44C9}.Debug|Any CPU.Build.0 = Debug|Any CPU
		{BDC9D1A4-5A0C-4472-B9EF-A5910C8D44C9}.Release|Any CPU.ActiveCfg = Release|Any CPU
		{BDC9D1A4-5A0C-4472-B9EF-A5910C8D44C9}.Release|Any CPU.Build.0 = Release|Any CPU
	EndGlobalSection
EndGlobal
